
Microsoft Visual Studio Solution File, Format Version 12.00
Project("{FAE04EC0-301F-11D3-BF4B-00C04F79EFBC}") = "Day1", "Day1\Day1.csproj", "{50925374-D9B0-48BA-9180-21A25F90FA67}"
EndProject
Global
	GlobalSection(SolutionConfigurationPlatforms) = preSolution
		Debug|Any CPU = Debug|Any CPU
		Release|Any CPU = Release|Any CPU
	EndGlobalSection
	GlobalSection(ProjectConfigurationPlatforms) = postSolution
		{50925374-D9B0-48BA-9180-21A25F90FA67}.Debug|Any CPU.ActiveCfg = Debug|Any CPU
		{50925374-D9B0-48BA-9180-21A25F90FA67}.Debug|Any CPU.Build.0 = Debug|Any CPU
		{50925374-D9B0-48BA-9180-21A25F90FA67}.Release|Any CPU.ActiveCfg = Release|Any CPU
		{50925374-D9B0-48BA-9180-21A25F90FA67}.Release|Any CPU.Build.0 = Release|Any CPU
	EndGlobalSection
EndGlobal
